
Microsoft Visual Studio Solution File, Format Version 12.00
# Visual Studio 15
VisualStudioVersion = 15.0.27428.2037
MinimumVisualStudioVersion = 10.0.40219.1
Project("{FAE04EC0-301F-11D3-BF4B-00C04F79EFBC}") = "DXApplication4", "DXApplication4\DXApplication4.csproj", "{CECCC42C-5D3B-48FF-AF54-DF9C12E6EC26}"
EndProject
Global
	GlobalSection(SolutionConfigurationPlatforms) = preSolution
		Debug|Any CPU = Debug|Any CPU
		Release|Any CPU = Release|Any CPU
	EndGlobalSection
	GlobalSection(ProjectConfigurationPlatforms) = postSolution
		{CECCC42C-5D3B-48FF-AF54-DF9C12E6EC26}.Debug|Any CPU.ActiveCfg = Debug|Any CPU
		{CECCC42C-5D3B-48FF-AF54-DF9C12E6EC26}.Debug|Any CPU.Build.0 = Debug|Any CPU
		{CECCC42C-5D3B-48FF-AF54-DF9C12E6EC26}.Release|Any CPU.ActiveCfg = Release|Any CPU
		{CECCC42C-5D3B-48FF-AF54-DF9C12E6EC26}.Release|Any CPU.Build.0 = Release|Any CPU
	EndGlobalSection
	GlobalSection(SolutionProperties) = preSolution
		HideSolutionNode = FALSE
	EndGlobalSection
	GlobalSection(ExtensibilityGlobals) = postSolution
		SolutionGuid = {9FD938BC-CC8F-4541-B22D-4EFFF050D6FD}
	EndGlobalSection
EndGlobal
